{
  "requires": true,
  "lockfileVersion": 1,
  "dependencies": {
    "lodash": {
      "version": "4.17.15",
      "resolved": "https://registry.npmjs.org/lodash/-/lodash-4.17.15.tgz",
      "integrity": "sha512-8xOcRHvCjnocdS5cpwXQXVzmmh5e5+saE2QGoeQmbKmRS6J3VQppPOIt0MnmE+4xlZoumy0GPG0D0MVIQbNA1A=="
    },
    "vue-lodash": {
      "version": "2.1.2",
      "resolved": "https://registry.npmjs.org/vue-lodash/-/vue-lodash-2.1.2.tgz",
      "integrity": "sha512-6QsNC7/XjrK4xKxFhh6Ppvcrfm0uAeR/lFsySsMgfEFUWkvRztcAIS3MsqAI4bBnAaLo9ou+8tUfJ8d+yrljQg=="
    }
  }
}
